
Microsoft Visual Studio Solution File, Format Version 12.00
# Visual Studio Version 17
VisualStudioVersion = 17.6.33829.357
MinimumVisualStudioVersion = 10.0.40219.1
Project("{FAE04EC0-301F-11D3-BF4B-00C04F79EFBC}") = "SistemaDeTarefas", "SistemaDeTarefas\SistemaDeTarefas.csproj", "{3FBCBE71-1B22-4984-B1DC-2241A889326F}"
EndProject
Global
	GlobalSection(SolutionConfigurationPlatforms) = preSolution
		Debug|Any CPU = Debug|Any CPU
		Release|Any CPU = Release|Any CPU
	EndGlobalSection
	GlobalSection(ProjectConfigurationPlatforms) = postSolution
		{3FBCBE71-1B22-4984-B1DC-2241A889326F}.Debug|Any CPU.ActiveCfg = Debug|Any CPU
		{3FBCBE71-1B22-4984-B1DC-2241A889326F}.Debug|Any CPU.Build.0 = Debug|Any CPU
		{3FBCBE71-1B22-4984-B1DC-2241A889326F}.Release|Any CPU.ActiveCfg = Release|Any CPU
		{3FBCBE71-1B22-4984-B1DC-2241A889326F}.Release|Any CPU.Build.0 = Release|Any CPU
	EndGlobalSection
	GlobalSection(SolutionProperties) = preSolution
		HideSolutionNode = FALSE
	EndGlobalSection
	GlobalSection(ExtensibilityGlobals) = postSolution
		SolutionGuid = {AB194EA9-1992-4401-8724-730279ABC6B7}
	EndGlobalSection
EndGlobal
